
Microsoft Visual Studio Solution File, Format Version 12.00
# Visual Studio Version 16
VisualStudioVersion = 16.0.32228.343
MinimumVisualStudioVersion = 10.0.40219.1
Project("{9A19103F-16F7-4668-BE54-9A1E7A4F7556}") = "2022-Portal-NER-Scrum_H47", "2022-Portal-NER-Scrum_H47\2022-Portal-NER-Scrum_H47.csproj", "{14443E64-FADD-461A-B27A-F89C0E1B0A94}"
EndProject
Global
	GlobalSection(SolutionConfigurationPlatforms) = preSolution
		Debug|Any CPU = Debug|Any CPU
		Release|Any CPU = Release|Any CPU
	EndGlobalSection
	GlobalSection(ProjectConfigurationPlatforms) = postSolution
		{14443E64-FADD-461A-B27A-F89C0E1B0A94}.Debug|Any CPU.ActiveCfg = Debug|Any CPU
		{14443E64-FADD-461A-B27A-F89C0E1B0A94}.Debug|Any CPU.Build.0 = Debug|Any CPU
		{14443E64-FADD-461A-B27A-F89C0E1B0A94}.Release|Any CPU.ActiveCfg = Release|Any CPU
		{14443E64-FADD-461A-B27A-F89C0E1B0A94}.Release|Any CPU.Build.0 = Release|Any CPU
	EndGlobalSection
	GlobalSection(SolutionProperties) = preSolution
		HideSolutionNode = FALSE
	EndGlobalSection
	GlobalSection(ExtensibilityGlobals) = postSolution
		SolutionGuid = {7F96FBD4-53A1-4C49-B2AB-03D64640CF6C}
	EndGlobalSection
EndGlobal
